PODS:
  - Differentiator (3.0.2)
  - Flix (2.0.0.beta.1):
    - RxCocoa (~> 4.1)
    - RxDataSources (~> 3.0)
    - RxSwift (~> 4.1)
  - RxCocoa (4.1.2):
    - RxSwift (~> 4.0)
  - RxDataSources (3.0.2):
    - Differentiator (~> 3.0)
    - RxCocoa (~> 4.0)
    - RxSwift (~> 4.0)
  - RxSwift (4.1.2)

DEPENDENCIES:
  - Flix (~> 2.0.0.beta)

SPEC REPOS:
  https://github.com/cocoapods/specs.git:
    - Differentiator
    - Flix
    - RxCocoa
    - RxDataSources
    - RxSwift

SPEC CHECKSUMS:
  Differentiator: a87be69eba49ec4ab460c7671143ee3a9eececfd
  Flix: a217a7463e43666a6db65b06eec8307bb8f68fba
  RxCocoa: d88ba0f1f6abf040011a9eb4b539324fc426843a
  RxDataSources: cb7c31e652a87ebb919da45f716bbb87b3765f6b
  RxSwift: e49536837d9901277638493ea537394d4b55f570

PODFILE CHECKSUM: 1a43c886387420ffba926a8644e817e2f410d454

COCOAPODS: 1.5.2
